
Microsoft Visual Studio Solution File, Format Version 12.00
# Visual Studio Version 16
VisualStudioVersion = 16.0.29519.87
MinimumVisualStudioVersion = 10.0.40219.1
Project("{FAE04EC0-301F-11D3-BF4B-00C04F79EFBC}") = "C_Sharp", "C_Sharp\C_Sharp.csproj", "{D29E7B17-5328-4730-81AA-71A2367153DD}"
EndProject
Global
	GlobalSection(SolutionConfigurationPlatforms) = preSolution
		Debug|Any CPU = Debug|Any CPU
		Release|Any CPU = Release|Any CPU
	EndGlobalSection
	GlobalSection(ProjectConfigurationPlatforms) = postSolution
		{D29E7B17-5328-4730-81AA-71A2367153DD}.Debug|Any CPU.ActiveCfg = Debug|Any CPU
		{D29E7B17-5328-4730-81AA-71A2367153DD}.Debug|Any CPU.Build.0 = Debug|Any CPU
		{D29E7B17-5328-4730-81AA-71A2367153DD}.Release|Any CPU.ActiveCfg = Release|Any CPU
		{D29E7B17-5328-4730-81AA-71A2367153DD}.Release|Any CPU.Build.0 = Release|Any CPU
	EndGlobalSection
	GlobalSection(SolutionProperties) = preSolution
		HideSolutionNode = FALSE
	EndGlobalSection
	GlobalSection(ExtensibilityGlobals) = postSolution
		SolutionGuid = {4293463D-8C19-4BC3-958D-57FC9FB7C70D}
	EndGlobalSection
EndGlobal
